
Microsoft Visual Studio Solution File, Format Version 12.00
# Visual Studio Version 17
VisualStudioVersion = 17.11.35327.3
MinimumVisualStudioVersion = 10.0.40219.1
Project("{FAE04EC0-301F-11D3-BF4B-00C04F79EFBC}") = "label-2429197", "label-2429197\label-2429197.csproj", "{14C56F37-A3E9-441D-94B6-91262F564F8C}"
EndProject
Global
	GlobalSection(SolutionConfigurationPlatforms) = preSolution
		Debug|Any CPU = Debug|Any CPU
		Release|Any CPU = Release|Any CPU
	EndGlobalSection
	GlobalSection(ProjectConfigurationPlatforms) = postSolution
		{14C56F37-A3E9-441D-94B6-91262F564F8C}.Debug|Any CPU.ActiveCfg = Debug|Any CPU
		{14C56F37-A3E9-441D-94B6-91262F564F8C}.Debug|Any CPU.Build.0 = Debug|Any CPU
		{14C56F37-A3E9-441D-94B6-91262F564F8C}.Release|Any CPU.ActiveCfg = Release|Any CPU
		{14C56F37-A3E9-441D-94B6-91262F564F8C}.Release|Any CPU.Build.0 = Release|Any CPU
	EndGlobalSection
	GlobalSection(SolutionProperties) = preSolution
		HideSolutionNode = FALSE
	EndGlobalSection
	GlobalSection(ExtensibilityGlobals) = postSolution
		SolutionGuid = {023BD15C-1ACC-41AD-88A2-181CBD84EE02}
	EndGlobalSection
EndGlobal
